
Microsoft Visual Studio Solution File, Format Version 12.00
# Visual Studio 2012
Project("{FAE04EC0-301F-11D3-BF4B-00C04F79EFBC}") = "Wpf2", "Wpf2\Wpf2.csproj", "{CE981953-627C-4F3D-9A87-097227CCB771}"
EndProject
Project("{FAE04EC0-301F-11D3-BF4B-00C04F79EFBC}") = "MyControl", "MyControl\MyControl.csproj", "{4CEEB3E2-1C8B-46F4-BDEA-48D2E66D51E3}"
EndProject
Global
	GlobalSection(SolutionConfigurationPlatforms) = preSolution
		Debug|Any CPU = Debug|Any CPU
		Release|Any CPU = Release|Any CPU
	EndGlobalSection
	GlobalSection(ProjectConfigurationPlatforms) = postSolution
		{CE981953-627C-4F3D-9A87-097227CCB771}.Debug|Any CPU.ActiveCfg = Debug|Any CPU
		{CE981953-627C-4F3D-9A87-097227CCB771}.Debug|Any CPU.Build.0 = Debug|Any CPU
		{CE981953-627C-4F3D-9A87-097227CCB771}.Release|Any CPU.ActiveCfg = Release|Any CPU
		{CE981953-627C-4F3D-9A87-097227CCB771}.Release|Any CPU.Build.0 = Release|Any CPU
		{4CEEB3E2-1C8B-46F4-BDEA-48D2E66D51E3}.Debug|Any CPU.ActiveCfg = Debug|Any CPU
		{4CEEB3E2-1C8B-46F4-BDEA-48D2E66D51E3}.Debug|Any CPU.Build.0 = Debug|Any CPU
		{4CEEB3E2-1C8B-46F4-BDEA-48D2E66D51E3}.Release|Any CPU.ActiveCfg = Release|Any CPU
		{4CEEB3E2-1C8B-46F4-BDEA-48D2E66D51E3}.Release|Any CPU.Build.0 = Release|Any CPU
	EndGlobalSection
	GlobalSection(SolutionProperties) = preSolution
		HideSolutionNode = FALSE
	EndGlobalSection
EndGlobal
